
Microsoft Visual Studio Solution File, Format Version 12.00
# Visual Studio Version 17
VisualStudioVersion = 17.0.31912.275
MinimumVisualStudioVersion = 10.0.40219.1
Project("{8BC9CEB8-8B4A-11D0-8D11-00A0C91BC942}") = "Executable", "Executable\Executable.vcxproj", "{7AB79689-D25F-4E5C-A019-E71F5AC30D9E}"
EndProject
Global
	GlobalSection(SolutionConfigurationPlatforms) = preSolution
		Debug|x64 = Debug|x64
		Debug|x86 = Debug|x86
		Release|x64 = Release|x64
		Release|x86 = Release|x86
	EndGlobalSection
	GlobalSection(ProjectConfigurationPlatforms) = postSolution
		{7AB79689-D25F-4E5C-A019-E71F5AC30D9E}.Debug|x64.ActiveCfg = Debug|x64
		{7AB79689-D25F-4E5C-A019-E71F5AC30D9E}.Debug|x64.Build.0 = Debug|x64
		{7AB79689-D25F-4E5C-A019-E71F5AC30D9E}.Debug|x86.ActiveCfg = Debug|Win32
		{7AB79689-D25F-4E5C-A019-E71F5AC30D9E}.Debug|x86.Build.0 = Debug|Win32
		{7AB79689-D25F-4E5C-A019-E71F5AC30D9E}.Release|x64.ActiveCfg = Release|x64
		{7AB79689-D25F-4E5C-A019-E71F5AC30D9E}.Release|x64.Build.0 = Release|x64
		{7AB79689-D25F-4E5C-A019-E71F5AC30D9E}.Release|x86.ActiveCfg = Release|Win32
		{7AB79689-D25F-4E5C-A019-E71F5AC30D9E}.Release|x86.Build.0 = Release|Win32
	EndGlobalSection
	GlobalSection(SolutionProperties) = preSolution
		HideSolutionNode = FALSE
	EndGlobalSection
	GlobalSection(ExtensibilityGlobals) = postSolution
		SolutionGuid = {CE7CACE5-DF0B-40CC-8553-994F57CCD21C}
	EndGlobalSection
EndGlobal
